
Microsoft Visual Studio Solution File, Format Version 12.00
# Visual Studio Version 16
VisualStudioVersion = 16.0.31205.134
MinimumVisualStudioVersion = 10.0.40219.1
Project("{FAE04EC0-301F-11D3-BF4B-00C04F79EFBC}") = "saPHe dashboard", "saPHe dashboard.csproj", "{7FA2822B-1B94-4684-9FA3-8518BC591F12}"
EndProject
Global
	GlobalSection(SolutionConfigurationPlatforms) = preSolution
		Debug|Any CPU = Debug|Any CPU
		Release|Any CPU = Release|Any CPU
	EndGlobalSection
	GlobalSection(ProjectConfigurationPlatforms) = postSolution
		{7FA2822B-1B94-4684-9FA3-8518BC591F12}.Debug|Any CPU.ActiveCfg = Debug|Any CPU
		{7FA2822B-1B94-4684-9FA3-8518BC591F12}.Debug|Any CPU.Build.0 = Debug|Any CPU
		{7FA2822B-1B94-4684-9FA3-8518BC591F12}.Release|Any CPU.ActiveCfg = Release|Any CPU
		{7FA2822B-1B94-4684-9FA3-8518BC591F12}.Release|Any CPU.Build.0 = Release|Any CPU
	EndGlobalSection
	GlobalSection(SolutionProperties) = preSolution
		HideSolutionNode = FALSE
	EndGlobalSection
	GlobalSection(ExtensibilityGlobals) = postSolution
		SolutionGuid = {98356123-4246-4F54-8A69-36303592BFE4}
	EndGlobalSection
EndGlobal
